<?xml version="1.0" encoding="utf-8"?>
<Project ToolsVersion="4.0" xmlns="http://schemas.microsoft.com/developer/msbuild/2003">
  <ItemGroup>
    <Filter Include="Core">
      <UniqueIdentifier>{41cf3db3-1130-4865-bb8a-ceaea64ce672}</UniqueIdentifier>
    </Filter>
    <Filter Include="Docs">
      <UniqueIdentifier>{84ed1cc6-6f4c-4ed8-a2cf-4ef05e29cfb9}</UniqueIdentifier>
    </Filter>
    <Filter Include="Header">
      <UniqueIdentifier>{837819ec-ee2a-408e-93d2-d51a1fefab0b}</UniqueIdentifier>
    </Filter>
  </ItemGroup>
  <ItemGroup>
    <ClInclude Include="Mathf.h">
      <Filter>Header</Filter>
    </ClInclude>
    <ClInclude Include="Transform.h">
      <Filter>Header</Filter>
    </ClInclude>
    <ClInclude Include="Vector2D.h">
      <Filter>Header</Filter>
    </ClInclude>
    <ClInclude Include="..\..\..\..\source\repos\OOP3200-F2021-Lesson4-Taylor\OOP3200-F2021-Lesson3\Vector3D.h">
      <Filter>Header</Filter>
    </ClInclude>
    <ClInclude Include="Scene.h">
      <Filter>Header</Filter>
    </ClInclude>
    <ClInclude Include="GameObject.h">
      <Filter>Header</Filter>
    </ClInclude>
    <ClInclude Include="DisplayObject.h">
      <Filter>Header</Filter>
    </ClInclude>
  </ItemGroup>
  <ItemGroup>
    <ClCompile Include="..\..\..\..\source\repos\OOP3200-F2021-Lesson4-Taylor\OOP3200-F2021-Lesson3\main.cpp">
      <Filter>Core</Filter>
    </ClCompile>
    <ClCompile Include="..\..\..\..\source\repos\OOP3200-F2021-Lesson4-Taylor\OOP3200-F2021-Lesson3\Transform.cpp">
      <Filter>Core</Filter>
    </ClCompile>
    <ClCompile Include="..\..\..\..\source\repos\OOP3200-F2021-Lesson4-Taylor\OOP3200-F2021-Lesson3\Vector2D.cpp">
      <Filter>Core</Filter>
    </ClCompile>
    <ClCompile Include="..\..\..\..\source\repos\OOP3200-F2021-Lesson4-Taylor\OOP3200-F2021-Lesson3\Vector3D.cpp">
      <Filter>Core</Filter>
    </ClCompile>
    <ClCompile Include="Mathf.cpp">
      <Filter>Core</Filter>
    </ClCompile>
    <ClCompile Include="DisplayObject.cpp">
      <Filter>Core</Filter>
    </ClCompile>
    <ClCompile Include="GameObject.cpp">
      <Filter>Core</Filter>
    </ClCompile>
    <ClCompile Include="Scene.cpp">
      <Filter>Core</Filter>
    </ClCompile>
  </ItemGroup>
  <ItemGroup>
    <Text Include="README.txt">
      <Filter>Docs</Filter>
    </Text>
  </ItemGroup>
  <ItemGroup>
    <None Include="..\..\..\..\source\repos\OOP3200-F2021-Lesson4-Taylor\OOP3200-F2021-Lesson3\ClassDiagram.cd">
      <Filter>Docs</Filter>
    </None>
  </ItemGroup>
</Project>